
Microsoft Visual Studio Solution File, Format Version 12.00
# Visual Studio Version 16
VisualStudioVersion = 16.0.31702.278
MinimumVisualStudioVersion = 10.0.40219.1
Project("{FAE04EC0-301F-11D3-BF4B-00C04F79EFBC}") = "FlappyBirdTest", "FlappyBirdTest\FlappyBirdTest.csproj", "{17617587-476E-4484-A3AA-EC11BDE6BE4B}"
EndProject
Global
	GlobalSection(SolutionConfigurationPlatforms) = preSolution
		Debug|Any CPU = Debug|Any CPU
		Release|Any CPU = Release|Any CPU
	EndGlobalSection
	GlobalSection(ProjectConfigurationPlatforms) = postSolution
		{17617587-476E-4484-A3AA-EC11BDE6BE4B}.Debug|Any CPU.ActiveCfg = Debug|Any CPU
		{17617587-476E-4484-A3AA-EC11BDE6BE4B}.Debug|Any CPU.Build.0 = Debug|Any CPU
		{17617587-476E-4484-A3AA-EC11BDE6BE4B}.Release|Any CPU.ActiveCfg = Release|Any CPU
		{17617587-476E-4484-A3AA-EC11BDE6BE4B}.Release|Any CPU.Build.0 = Release|Any CPU
	EndGlobalSection
	GlobalSection(SolutionProperties) = preSolution
		HideSolutionNode = FALSE
	EndGlobalSection
	GlobalSection(ExtensibilityGlobals) = postSolution
		SolutionGuid = {20C53180-9529-49E0-A4A5-8C12946961B8}
	EndGlobalSection
EndGlobal
